{
    "requires": true,
    "lockfileVersion": 1,
    "dependencies": {
        "vuetify": {
            "version": "2.0.15",
            "resolved": "https://registry.npmjs.org/vuetify/-/vuetify-2.0.15.tgz",
            "integrity": "sha512-3x/YwEaf7nCHDBfAeB1HZZ9ltgX3Bu9zhfCmq3ZGbuylLrKJMR4bp5xY3chVq1DAalXs0eqV69TbEkkSt1Iwkg=="
        }
    }
}
